
Microsoft Visual Studio Solution File, Format Version 12.00
# Visual Studio Version 16
VisualStudioVersion = 16.0.29503.13
MinimumVisualStudioVersion = 10.0.40219.1
Project("{F184B08F-C81C-45F6-A57F-5ABD9991F28F}") = "TicTacToe1", "TicTacToe1\TicTacToe1.vbproj", "{330819F6-F3DD-4155-8EB2-42E0F24C30C2}"
EndProject
Global
	GlobalSection(SolutionConfigurationPlatforms) = preSolution
		Debug|Any CPU = Debug|Any CPU
		Release|Any CPU = Release|Any CPU
	EndGlobalSection
	GlobalSection(ProjectConfigurationPlatforms) = postSolution
		{330819F6-F3DD-4155-8EB2-42E0F24C30C2}.Debug|Any CPU.ActiveCfg = Debug|Any CPU
		{330819F6-F3DD-4155-8EB2-42E0F24C30C2}.Debug|Any CPU.Build.0 = Debug|Any CPU
		{330819F6-F3DD-4155-8EB2-42E0F24C30C2}.Release|Any CPU.ActiveCfg = Release|Any CPU
		{330819F6-F3DD-4155-8EB2-42E0F24C30C2}.Release|Any CPU.Build.0 = Release|Any CPU
	EndGlobalSection
	GlobalSection(SolutionProperties) = preSolution
		HideSolutionNode = FALSE
	EndGlobalSection
	GlobalSection(ExtensibilityGlobals) = postSolution
		SolutionGuid = {37A58B71-95CF-4C0A-9BF2-B60148761527}
	EndGlobalSection
EndGlobal
